
Microsoft Visual Studio Solution File, Format Version 12.00
# Visual Studio 14
VisualStudioVersion = 14.0.25123.0
MinimumVisualStudioVersion = 10.0.40219.1
Project("{8BC9CEB8-8B4A-11D0-8D11-00A0C91BC942}") = "级数求和", "ConsoleApplication1\ConsoleApplication1.vcxproj", "{E9ABE35A-A722-4527-89E1-D6EA2AEBCD4A}"
EndProject
Project("{8BC9CEB8-8B4A-11D0-8D11-00A0C91BC942}") = "用筛法求之N内的素数", "用筛法求之N内的素数\用筛法求之N内的素数.vcxproj", "{CE3ABAD2-3867-467A-BB80-9E7C46B9F76B}"
EndProject
Project("{8BC9CEB8-8B4A-11D0-8D11-00A0C91BC942}") = "字符串的输入输出处理", "字符串的输入输出处理\字符串的输入输出处理.vcxproj", "{4694E9F3-E95A-46FD-B8B3-F6DCC8D2FE45}"
EndProject
Project("{8BC9CEB8-8B4A-11D0-8D11-00A0C91BC942}") = "字符逆序", "字符逆序\字符逆序.vcxproj", "{2BADE11A-367E-481E-9FBC-6948644E3F40}"
EndProject
Project("{8BC9CEB8-8B4A-11D0-8D11-00A0C91BC942}") = "明明的随机数", "明明的随机数\明明的随机数.vcxproj", "{C97FF816-4F24-4373-863D-9BD7C15EAA89}"
EndProject
Project("{8BC9CEB8-8B4A-11D0-8D11-00A0C91BC942}") = "重力变化", "重力变化\重力变化.vcxproj", "{79B517EC-DB62-408F-AC82-22A9860DDD90}"
EndProject
Project("{8BC9CEB8-8B4A-11D0-8D11-00A0C91BC942}") = "【C语言训练】排序问题", "【C语言训练】排序问题\【C语言训练】排序问题.vcxproj", "{9A64D6C9-AAAD-44AB-8AAB-8ADD4CBCC2A6}"
EndProject
Project("{8BC9CEB8-8B4A-11D0-8D11-00A0C91BC942}") = "数字母", "数字母\数字母.vcxproj", "{696D2FEC-6A5D-4CE3-B118-C30B8263656B}"
EndProject
Project("{8BC9CEB8-8B4A-11D0-8D11-00A0C91BC942}") = "斐波那契数列", "斐波那契数列\斐波那契数列.vcxproj", "{432A4B61-652F-4DA5-9926-6AE62A44869E}"
EndProject
Project("{8BC9CEB8-8B4A-11D0-8D11-00A0C91BC942}") = "最大数问题", "最大数问题\最大数问题.vcxproj", "{976E4EAA-781C-4F15-92E3-FAEB31E03A95}"
EndProject
Project("{8BC9CEB8-8B4A-11D0-8D11-00A0C91BC942}") = "求1+2!+3!+...+N!的和", "求1+2!+3!+...+N!的和\求1+2!+3!+...+N!的和.vcxproj", "{D0755901-1658-48E8-A213-A36DB78537CD}"
EndProject
Project("{8BC9CEB8-8B4A-11D0-8D11-00A0C91BC942}") = "人见人爱A+B", "人见人爱A+B\人见人爱A+B.vcxproj", "{B4C22901-10C7-411C-9BFF-B5B6E05BBD94}"
EndProject
Project("{8BC9CEB8-8B4A-11D0-8D11-00A0C91BC942}") = "回文串", "回文串\回文串.vcxproj", "{6565152B-34DC-4818-AA88-A734F8063AC5}"
EndProject
Project("{8BC9CEB8-8B4A-11D0-8D11-00A0C91BC942}") = "小写字母转换为大写字母", "小写字母转换为大写字母\小写字母转换为大写字母.vcxproj", "{C96E50D2-4839-4EE3-8B5E-911EC1FCA7DC}"
EndProject
Project("{8BC9CEB8-8B4A-11D0-8D11-00A0C91BC942}") = "回文数1", "回文数1\回文数1.vcxproj", "{5C0D8CD1-BBFC-43CF-992C-3E78102DCE05}"
EndProject
Project("{8BC9CEB8-8B4A-11D0-8D11-00A0C91BC942}") = "字符排列问题", "字符排列问题\字符排列问题.vcxproj", "{502FC034-4F46-41AA-AB2B-0C876749D44F}"
EndProject
Project("{8BC9CEB8-8B4A-11D0-8D11-00A0C91BC942}") = "求s=a+aa+aaa+aaaa+aa...a的值", "求s=a+aa+aaa+aaaa+aa...a的值\求s=a+aa+aaa+aaaa+aa...a的值.vcxproj", "{C432C1CF-1FC9-4751-A811-B896B717B5C0}"
EndProject
Project("{8BC9CEB8-8B4A-11D0-8D11-00A0C91BC942}") = "计算两点间的距离", "计算两点间的距离\计算两点间的距离.vcxproj", "{A33ADADC-24F9-4551-9C15-4E2D3147C4BB}"
EndProject
Project("{8BC9CEB8-8B4A-11D0-8D11-00A0C91BC942}") = "平方和与立方和", "平方和与立方和\平方和与立方和.vcxproj", "{01CD9BA9-EE81-422A-A645-31565B9B76F0}"
EndProject
Project("{8BC9CEB8-8B4A-11D0-8D11-00A0C91BC942}") = "十二转换", "十二转换\十二转换.vcxproj", "{E3D7620A-A75C-4344-8548-103525CCE51C}"
EndProject
Project("{8BC9CEB8-8B4A-11D0-8D11-00A0C91BC942}") = "计算球体积", "计算球体积\计算球体积.vcxproj", "{3121AF6E-B780-4CF9-B0F4-1DDBA6376ABA}"
EndProject
Project("{8BC9CEB8-8B4A-11D0-8D11-00A0C91BC942}") = "Best Queue", "Best Queue\Best Queue.vcxproj", "{3823AF42-8703-43D8-8ADA-0AC276350C80}"
EndProject
Project("{8BC9CEB8-8B4A-11D0-8D11-00A0C91BC942}") = "子序列", "子序列\子序列.vcxproj", "{DC74663F-A9AE-4096-911F-31260A78EE1D}"
EndProject
Project("{8BC9CEB8-8B4A-11D0-8D11-00A0C91BC942}") = "模板", "模板\模板.vcxproj", "{28BA6001-9D1F-406C-9E9D-6618BF9C6021}"
EndProject
Project("{8BC9CEB8-8B4A-11D0-8D11-00A0C91BC942}") = "A + B + C Problem", "A + B + C Problem\A + B + C Problem.vcxproj", "{0111BDDE-42B8-4B98-AB69-28CF01188910}"
EndProject
Project("{8BC9CEB8-8B4A-11D0-8D11-00A0C91BC942}") = "矩阵", "矩阵\矩阵.vcxproj", "{09B79DB4-BE8C-4C2D-8BF5-7FE7B3124FE1}"
EndProject
Project("{8BC9CEB8-8B4A-11D0-8D11-00A0C91BC942}") = "高精度", "高精度\高精度.vcxproj", "{D1D73AA6-685F-4AC3-BE5F-1D141BE9D851}"
EndProject
Project("{8BC9CEB8-8B4A-11D0-8D11-00A0C91BC942}") = "C语言大师的冒泡排序", "C语言大师的冒泡排序\C语言大师的冒泡排序.vcxproj", "{6C293C67-E0BB-4B97-8DC9-401BF926B31D}"
EndProject
Global
	GlobalSection(SolutionConfigurationPlatforms) = preSolution
		Debug|x64 = Debug|x64
		Debug|x86 = Debug|x86
		Release|x64 = Release|x64
		Release|x86 = Release|x86
	EndGlobalSection
	GlobalSection(ProjectConfigurationPlatforms) = postSolution
		{E9ABE35A-A722-4527-89E1-D6EA2AEBCD4A}.Debug|x64.ActiveCfg = Debug|x64
		{E9ABE35A-A722-4527-89E1-D6EA2AEBCD4A}.Debug|x64.Build.0 = Debug|x64
		{E9ABE35A-A722-4527-89E1-D6EA2AEBCD4A}.Debug|x86.ActiveCfg = Debug|Win32
		{E9ABE35A-A722-4527-89E1-D6EA2AEBCD4A}.Debug|x86.Build.0 = Debug|Win32
		{E9ABE35A-A722-4527-89E1-D6EA2AEBCD4A}.Release|x64.ActiveCfg = Release|x64
		{E9ABE35A-A722-4527-89E1-D6EA2AEBCD4A}.Release|x64.Build.0 = Release|x64
		{E9ABE35A-A722-4527-89E1-D6EA2AEBCD4A}.Release|x86.ActiveCfg = Release|Win32
		{E9ABE35A-A722-4527-89E1-D6EA2AEBCD4A}.Release|x86.Build.0 = Release|Win32
		{CE3ABAD2-3867-467A-BB80-9E7C46B9F76B}.Debug|x64.ActiveCfg = Debug|x64
		{CE3ABAD2-3867-467A-BB80-9E7C46B9F76B}.Debug|x64.Build.0 = Debug|x64
		{CE3ABAD2-3867-467A-BB80-9E7C46B9F76B}.Debug|x86.ActiveCfg = Debug|Win32
		{CE3ABAD2-3867-467A-BB80-9E7C46B9F76B}.Debug|x86.Build.0 = Debug|Win32
		{CE3ABAD2-3867-467A-BB80-9E7C46B9F76B}.Release|x64.ActiveCfg = Release|x64
		{CE3ABAD2-3867-467A-BB80-9E7C46B9F76B}.Release|x64.Build.0 = Release|x64
		{CE3ABAD2-3867-467A-BB80-9E7C46B9F76B}.Release|x86.ActiveCfg = Release|Win32
		{CE3ABAD2-3867-467A-BB80-9E7C46B9F76B}.Release|x86.Build.0 = Release|Win32
		{4694E9F3-E95A-46FD-B8B3-F6DCC8D2FE45}.Debug|x64.ActiveCfg = Debug|x64
		{4694E9F3-E95A-46FD-B8B3-F6DCC8D2FE45}.Debug|x64.Build.0 = Debug|x64
		{4694E9F3-E95A-46FD-B8B3-F6DCC8D2FE45}.Debug|x86.ActiveCfg = Debug|Win32
		{4694E9F3-E95A-46FD-B8B3-F6DCC8D2FE45}.Debug|x86.Build.0 = Debug|Win32
		{4694E9F3-E95A-46FD-B8B3-F6DCC8D2FE45}.Release|x64.ActiveCfg = Release|x64
		{4694E9F3-E95A-46FD-B8B3-F6DCC8D2FE45}.Release|x64.Build.0 = Release|x64
		{4694E9F3-E95A-46FD-B8B3-F6DCC8D2FE45}.Release|x86.ActiveCfg = Release|Win32
		{4694E9F3-E95A-46FD-B8B3-F6DCC8D2FE45}.Release|x86.Build.0 = Release|Win32
		{2BADE11A-367E-481E-9FBC-6948644E3F40}.Debug|x64.ActiveCfg = Debug|x64
		{2BADE11A-367E-481E-9FBC-6948644E3F40}.Debug|x64.Build.0 = Debug|x64
		{2BADE11A-367E-481E-9FBC-6948644E3F40}.Debug|x86.ActiveCfg = Debug|Win32
		{2BADE11A-367E-481E-9FBC-6948644E3F40}.Debug|x86.Build.0 = Debug|Win32
		{2BADE11A-367E-481E-9FBC-6948644E3F40}.Release|x64.ActiveCfg = Release|x64
		{2BADE11A-367E-481E-9FBC-6948644E3F40}.Release|x64.Build.0 = Release|x64
		{2BADE11A-367E-481E-9FBC-6948644E3F40}.Release|x86.ActiveCfg = Release|Win32
		{2BADE11A-367E-481E-9FBC-6948644E3F40}.Release|x86.Build.0 = Release|Win32
		{C97FF816-4F24-4373-863D-9BD7C15EAA89}.Debug|x64.ActiveCfg = Debug|x64
		{C97FF816-4F24-4373-863D-9BD7C15EAA89}.Debug|x64.Build.0 = Debug|x64
		{C97FF816-4F24-4373-863D-9BD7C15EAA89}.Debug|x86.ActiveCfg = Debug|Win32
		{C97FF816-4F24-4373-863D-9BD7C15EAA89}.Debug|x86.Build.0 = Debug|Win32
		{C97FF816-4F24-4373-863D-9BD7C15EAA89}.Release|x64.ActiveCfg = Release|x64
		{C97FF816-4F24-4373-863D-9BD7C15EAA89}.Release|x64.Build.0 = Release|x64
		{C97FF816-4F24-4373-863D-9BD7C15EAA89}.Release|x86.ActiveCfg = Release|Win32
		{C97FF816-4F24-4373-863D-9BD7C15EAA89}.Release|x86.Build.0 = Release|Win32
		{79B517EC-DB62-408F-AC82-22A9860DDD90}.Debug|x64.ActiveCfg = Debug|x64
		{79B517EC-DB62-408F-AC82-22A9860DDD90}.Debug|x64.Build.0 = Debug|x64
		{79B517EC-DB62-408F-AC82-22A9860DDD90}.Debug|x86.ActiveCfg = Debug|Win32
		{79B517EC-DB62-408F-AC82-22A9860DDD90}.Debug|x86.Build.0 = Debug|Win32
		{79B517EC-DB62-408F-AC82-22A9860DDD90}.Release|x64.ActiveCfg = Release|x64
		{79B517EC-DB62-408F-AC82-22A9860DDD90}.Release|x64.Build.0 = Release|x64
		{79B517EC-DB62-408F-AC82-22A9860DDD90}.Release|x86.ActiveCfg = Release|Win32
		{79B517EC-DB62-408F-AC82-22A9860DDD90}.Release|x86.Build.0 = Release|Win32
		{9A64D6C9-AAAD-44AB-8AAB-8ADD4CBCC2A6}.Debug|x64.ActiveCfg = Debug|x64
		{9A64D6C9-AAAD-44AB-8AAB-8ADD4CBCC2A6}.Debug|x64.Build.0 = Debug|x64
		{9A64D6C9-AAAD-44AB-8AAB-8ADD4CBCC2A6}.Debug|x86.ActiveCfg = Debug|Win32
		{9A64D6C9-AAAD-44AB-8AAB-8ADD4CBCC2A6}.Debug|x86.Build.0 = Debug|Win32
		{9A64D6C9-AAAD-44AB-8AAB-8ADD4CBCC2A6}.Release|x64.ActiveCfg = Release|x64
		{9A64D6C9-AAAD-44AB-8AAB-8ADD4CBCC2A6}.Release|x64.Build.0 = Release|x64
		{9A64D6C9-AAAD-44AB-8AAB-8ADD4CBCC2A6}.Release|x86.ActiveCfg = Release|Win32
		{9A64D6C9-AAAD-44AB-8AAB-8ADD4CBCC2A6}.Release|x86.Build.0 = Release|Win32
		{696D2FEC-6A5D-4CE3-B118-C30B8263656B}.Debug|x64.ActiveCfg = Debug|x64
		{696D2FEC-6A5D-4CE3-B118-C30B8263656B}.Debug|x64.Build.0 = Debug|x64
		{696D2FEC-6A5D-4CE3-B118-C30B8263656B}.Debug|x86.ActiveCfg = Debug|Win32
		{696D2FEC-6A5D-4CE3-B118-C30B8263656B}.Debug|x86.Build.0 = Debug|Win32
		{696D2FEC-6A5D-4CE3-B118-C30B8263656B}.Release|x64.ActiveCfg = Release|x64
		{696D2FEC-6A5D-4CE3-B118-C30B8263656B}.Release|x64.Build.0 = Release|x64
		{696D2FEC-6A5D-4CE3-B118-C30B8263656B}.Release|x86.ActiveCfg = Release|Win32
		{696D2FEC-6A5D-4CE3-B118-C30B8263656B}.Release|x86.Build.0 = Release|Win32
		{432A4B61-652F-4DA5-9926-6AE62A44869E}.Debug|x64.ActiveCfg = Debug|x64
		{432A4B61-652F-4DA5-9926-6AE62A44869E}.Debug|x64.Build.0 = Debug|x64
		{432A4B61-652F-4DA5-9926-6AE62A44869E}.Debug|x86.ActiveCfg = Debug|Win32
		{432A4B61-652F-4DA5-9926-6AE62A44869E}.Debug|x86.Build.0 = Debug|Win32
		{432A4B61-652F-4DA5-9926-6AE62A44869E}.Release|x64.ActiveCfg = Release|x64
		{432A4B61-652F-4DA5-9926-6AE62A44869E}.Release|x64.Build.0 = Release|x64
		{432A4B61-652F-4DA5-9926-6AE62A44869E}.Release|x86.ActiveCfg = Release|Win32
		{432A4B61-652F-4DA5-9926-6AE62A44869E}.Release|x86.Build.0 = Release|Win32
		{976E4EAA-781C-4F15-92E3-FAEB31E03A95}.Debug|x64.ActiveCfg = Debug|x64
		{976E4EAA-781C-4F15-92E3-FAEB31E03A95}.Debug|x64.Build.0 = Debug|x64
		{976E4EAA-781C-4F15-92E3-FAEB31E03A95}.Debug|x86.ActiveCfg = Debug|Win32
		{976E4EAA-781C-4F15-92E3-FAEB31E03A95}.Debug|x86.Build.0 = Debug|Win32
		{976E4EAA-781C-4F15-92E3-FAEB31E03A95}.Release|x64.ActiveCfg = Release|x64
		{976E4EAA-781C-4F15-92E3-FAEB31E03A95}.Release|x64.Build.0 = Release|x64
		{976E4EAA-781C-4F15-92E3-FAEB31E03A95}.Release|x86.ActiveCfg = Release|Win32
		{976E4EAA-781C-4F15-92E3-FAEB31E03A95}.Release|x86.Build.0 = Release|Win32
		{D0755901-1658-48E8-A213-A36DB78537CD}.Debug|x64.ActiveCfg = Debug|x64
		{D0755901-1658-48E8-A213-A36DB78537CD}.Debug|x64.Build.0 = Debug|x64
		{D0755901-1658-48E8-A213-A36DB78537CD}.Debug|x86.ActiveCfg = Debug|Win32
		{D0755901-1658-48E8-A213-A36DB78537CD}.Debug|x86.Build.0 = Debug|Win32
		{D0755901-1658-48E8-A213-A36DB78537CD}.Release|x64.ActiveCfg = Release|x64
		{D0755901-1658-48E8-A213-A36DB78537CD}.Release|x64.Build.0 = Release|x64
		{D0755901-1658-48E8-A213-A36DB78537CD}.Release|x86.ActiveCfg = Release|Win32
		{D0755901-1658-48E8-A213-A36DB78537CD}.Release|x86.Build.0 = Release|Win32
		{B4C22901-10C7-411C-9BFF-B5B6E05BBD94}.Debug|x64.ActiveCfg = Debug|x64
		{B4C22901-10C7-411C-9BFF-B5B6E05BBD94}.Debug|x64.Build.0 = Debug|x64
		{B4C22901-10C7-411C-9BFF-B5B6E05BBD94}.Debug|x86.ActiveCfg = Debug|Win32
		{B4C22901-10C7-411C-9BFF-B5B6E05BBD94}.Debug|x86.Build.0 = Debug|Win32
		{B4C22901-10C7-411C-9BFF-B5B6E05BBD94}.Release|x64.ActiveCfg = Release|x64
		{B4C22901-10C7-411C-9BFF-B5B6E05BBD94}.Release|x64.Build.0 = Release|x64
		{B4C22901-10C7-411C-9BFF-B5B6E05BBD94}.Release|x86.ActiveCfg = Release|Win32
		{B4C22901-10C7-411C-9BFF-B5B6E05BBD94}.Release|x86.Build.0 = Release|Win32
		{6565152B-34DC-4818-AA88-A734F8063AC5}.Debug|x64.ActiveCfg = Debug|x64
		{6565152B-34DC-4818-AA88-A734F8063AC5}.Debug|x64.Build.0 = Debug|x64
		{6565152B-34DC-4818-AA88-A734F8063AC5}.Debug|x86.ActiveCfg = Debug|Win32
		{6565152B-34DC-4818-AA88-A734F8063AC5}.Debug|x86.Build.0 = Debug|Win32
		{6565152B-34DC-4818-AA88-A734F8063AC5}.Release|x64.ActiveCfg = Release|x64
		{6565152B-34DC-4818-AA88-A734F8063AC5}.Release|x64.Build.0 = Release|x64
		{6565152B-34DC-4818-AA88-A734F8063AC5}.Release|x86.ActiveCfg = Release|Win32
		{6565152B-34DC-4818-AA88-A734F8063AC5}.Release|x86.Build.0 = Release|Win32
		{C96E50D2-4839-4EE3-8B5E-911EC1FCA7DC}.Debug|x64.ActiveCfg = Debug|x64
		{C96E50D2-4839-4EE3-8B5E-911EC1FCA7DC}.Debug|x64.Build.0 = Debug|x64
		{C96E50D2-4839-4EE3-8B5E-911EC1FCA7DC}.Debug|x86.ActiveCfg = Debug|Win32
		{C96E50D2-4839-4EE3-8B5E-911EC1FCA7DC}.Debug|x86.Build.0 = Debug|Win32
		{C96E50D2-4839-4EE3-8B5E-911EC1FCA7DC}.Release|x64.ActiveCfg = Release|x64
		{C96E50D2-4839-4EE3-8B5E-911EC1FCA7DC}.Release|x64.Build.0 = Release|x64
		{C96E50D2-4839-4EE3-8B5E-911EC1FCA7DC}.Release|x86.ActiveCfg = Release|Win32
		{C96E50D2-4839-4EE3-8B5E-911EC1FCA7DC}.Release|x86.Build.0 = Release|Win32
		{5C0D8CD1-BBFC-43CF-992C-3E78102DCE05}.Debug|x64.ActiveCfg = Debug|x64
		{5C0D8CD1-BBFC-43CF-992C-3E78102DCE05}.Debug|x64.Build.0 = Debug|x64
		{5C0D8CD1-BBFC-43CF-992C-3E78102DCE05}.Debug|x86.ActiveCfg = Debug|Win32
		{5C0D8CD1-BBFC-43CF-992C-3E78102DCE05}.Debug|x86.Build.0 = Debug|Win32
		{5C0D8CD1-BBFC-43CF-992C-3E78102DCE05}.Release|x64.ActiveCfg = Release|x64
		{5C0D8CD1-BBFC-43CF-992C-3E78102DCE05}.Release|x64.Build.0 = Release|x64
		{5C0D8CD1-BBFC-43CF-992C-3E78102DCE05}.Release|x86.ActiveCfg = Release|Win32
		{5C0D8CD1-BBFC-43CF-992C-3E78102DCE05}.Release|x86.Build.0 = Release|Win32
		{502FC034-4F46-41AA-AB2B-0C876749D44F}.Debug|x64.ActiveCfg = Debug|x64
		{502FC034-4F46-41AA-AB2B-0C876749D44F}.Debug|x64.Build.0 = Debug|x64
		{502FC034-4F46-41AA-AB2B-0C876749D44F}.Debug|x86.ActiveCfg = Debug|Win32
		{502FC034-4F46-41AA-AB2B-0C876749D44F}.Debug|x86.Build.0 = Debug|Win32
		{502FC034-4F46-41AA-AB2B-0C876749D44F}.Release|x64.ActiveCfg = Release|x64
		{502FC034-4F46-41AA-AB2B-0C876749D44F}.Release|x64.Build.0 = Release|x64
		{502FC034-4F46-41AA-AB2B-0C876749D44F}.Release|x86.ActiveCfg = Release|Win32
		{502FC034-4F46-41AA-AB2B-0C876749D44F}.Release|x86.Build.0 = Release|Win32
		{C432C1CF-1FC9-4751-A811-B896B717B5C0}.Debug|x64.ActiveCfg = Debug|x64
		{C432C1CF-1FC9-4751-A811-B896B717B5C0}.Debug|x64.Build.0 = Debug|x64
		{C432C1CF-1FC9-4751-A811-B896B717B5C0}.Debug|x86.ActiveCfg = Debug|Win32
		{C432C1CF-1FC9-4751-A811-B896B717B5C0}.Debug|x86.Build.0 = Debug|Win32
		{C432C1CF-1FC9-4751-A811-B896B717B5C0}.Release|x64.ActiveCfg = Release|x64
		{C432C1CF-1FC9-4751-A811-B896B717B5C0}.Release|x64.Build.0 = Release|x64
		{C432C1CF-1FC9-4751-A811-B896B717B5C0}.Release|x86.ActiveCfg = Release|Win32
		{C432C1CF-1FC9-4751-A811-B896B717B5C0}.Release|x86.Build.0 = Release|Win32
		{A33ADADC-24F9-4551-9C15-4E2D3147C4BB}.Debug|x64.ActiveCfg = Debug|x64
		{A33ADADC-24F9-4551-9C15-4E2D3147C4BB}.Debug|x64.Build.0 = Debug|x64
		{A33ADADC-24F9-4551-9C15-4E2D3147C4BB}.Debug|x86.ActiveCfg = Debug|Win32
		{A33ADADC-24F9-4551-9C15-4E2D3147C4BB}.Debug|x86.Build.0 = Debug|Win32
		{A33ADADC-24F9-4551-9C15-4E2D3147C4BB}.Release|x64.ActiveCfg = Release|x64
		{A33ADADC-24F9-4551-9C15-4E2D3147C4BB}.Release|x64.Build.0 = Release|x64
		{A33ADADC-24F9-4551-9C15-4E2D3147C4BB}.Release|x86.ActiveCfg = Release|Win32
		{A33ADADC-24F9-4551-9C15-4E2D3147C4BB}.Release|x86.Build.0 = Release|Win32
		{01CD9BA9-EE81-422A-A645-31565B9B76F0}.Debug|x64.ActiveCfg = Debug|x64
		{01CD9BA9-EE81-422A-A645-31565B9B76F0}.Debug|x64.Build.0 = Debug|x64
		{01CD9BA9-EE81-422A-A645-31565B9B76F0}.Debug|x86.ActiveCfg = Debug|Win32
		{01CD9BA9-EE81-422A-A645-31565B9B76F0}.Debug|x86.Build.0 = Debug|Win32
		{01CD9BA9-EE81-422A-A645-31565B9B76F0}.Release|x64.ActiveCfg = Release|x64
		{01CD9BA9-EE81-422A-A645-31565B9B76F0}.Release|x64.Build.0 = Release|x64
		{01CD9BA9-EE81-422A-A645-31565B9B76F0}.Release|x86.ActiveCfg = Release|Win32
		{01CD9BA9-EE81-422A-A645-31565B9B76F0}.Release|x86.Build.0 = Release|Win32
		{E3D7620A-A75C-4344-8548-103525CCE51C}.Debug|x64.ActiveCfg = Debug|x64
		{E3D7620A-A75C-4344-8548-103525CCE51C}.Debug|x64.Build.0 = Debug|x64
		{E3D7620A-A75C-4344-8548-103525CCE51C}.Debug|x86.ActiveCfg = Debug|Win32
		{E3D7620A-A75C-4344-8548-103525CCE51C}.Debug|x86.Build.0 = Debug|Win32
		{E3D7620A-A75C-4344-8548-103525CCE51C}.Release|x64.ActiveCfg = Release|x64
		{E3D7620A-A75C-4344-8548-103525CCE51C}.Release|x64.Build.0 = Release|x64
		{E3D7620A-A75C-4344-8548-103525CCE51C}.Release|x86.ActiveCfg = Release|Win32
		{E3D7620A-A75C-4344-8548-103525CCE51C}.Release|x86.Build.0 = Release|Win32
		{3121AF6E-B780-4CF9-B0F4-1DDBA6376ABA}.Debug|x64.ActiveCfg = Debug|x64
		{3121AF6E-B780-4CF9-B0F4-1DDBA6376ABA}.Debug|x64.Build.0 = Debug|x64
		{3121AF6E-B780-4CF9-B0F4-1DDBA6376ABA}.Debug|x86.ActiveCfg = Debug|Win32
		{3121AF6E-B780-4CF9-B0F4-1DDBA6376ABA}.Debug|x86.Build.0 = Debug|Win32
		{3121AF6E-B780-4CF9-B0F4-1DDBA6376ABA}.Release|x64.ActiveCfg = Release|x64
		{3121AF6E-B780-4CF9-B0F4-1DDBA6376ABA}.Release|x64.Build.0 = Release|x64
		{3121AF6E-B780-4CF9-B0F4-1DDBA6376ABA}.Release|x86.ActiveCfg = Release|Win32
		{3121AF6E-B780-4CF9-B0F4-1DDBA6376ABA}.Release|x86.Build.0 = Release|Win32
		{3823AF42-8703-43D8-8ADA-0AC276350C80}.Debug|x64.ActiveCfg = Debug|x64
		{3823AF42-8703-43D8-8ADA-0AC276350C80}.Debug|x64.Build.0 = Debug|x64
		{3823AF42-8703-43D8-8ADA-0AC276350C80}.Debug|x86.ActiveCfg = Debug|Win32
		{3823AF42-8703-43D8-8ADA-0AC276350C80}.Debug|x86.Build.0 = Debug|Win32
		{3823AF42-8703-43D8-8ADA-0AC276350C80}.Release|x64.ActiveCfg = Release|x64
		{3823AF42-8703-43D8-8ADA-0AC276350C80}.Release|x64.Build.0 = Release|x64
		{3823AF42-8703-43D8-8ADA-0AC276350C80}.Release|x86.ActiveCfg = Release|Win32
		{3823AF42-8703-43D8-8ADA-0AC276350C80}.Release|x86.Build.0 = Release|Win32
		{DC74663F-A9AE-4096-911F-31260A78EE1D}.Debug|x64.ActiveCfg = Debug|x64
		{DC74663F-A9AE-4096-911F-31260A78EE1D}.Debug|x64.Build.0 = Debug|x64
		{DC74663F-A9AE-4096-911F-31260A78EE1D}.Debug|x86.ActiveCfg = Debug|Win32
		{DC74663F-A9AE-4096-911F-31260A78EE1D}.Debug|x86.Build.0 = Debug|Win32
		{DC74663F-A9AE-4096-911F-31260A78EE1D}.Release|x64.ActiveCfg = Release|x64
		{DC74663F-A9AE-4096-911F-31260A78EE1D}.Release|x64.Build.0 = Release|x64
		{DC74663F-A9AE-4096-911F-31260A78EE1D}.Release|x86.ActiveCfg = Release|Win32
		{DC74663F-A9AE-4096-911F-31260A78EE1D}.Release|x86.Build.0 = Release|Win32
		{28BA6001-9D1F-406C-9E9D-6618BF9C6021}.Debug|x64.ActiveCfg = Debug|x64
		{28BA6001-9D1F-406C-9E9D-6618BF9C6021}.Debug|x64.Build.0 = Debug|x64
		{28BA6001-9D1F-406C-9E9D-6618BF9C6021}.Debug|x86.ActiveCfg = Debug|Win32
		{28BA6001-9D1F-406C-9E9D-6618BF9C6021}.Debug|x86.Build.0 = Debug|Win32
		{28BA6001-9D1F-406C-9E9D-6618BF9C6021}.Release|x64.ActiveCfg = Release|x64
		{28BA6001-9D1F-406C-9E9D-6618BF9C6021}.Release|x64.Build.0 = Release|x64
		{28BA6001-9D1F-406C-9E9D-6618BF9C6021}.Release|x86.ActiveCfg = Release|Win32
		{28BA6001-9D1F-406C-9E9D-6618BF9C6021}.Release|x86.Build.0 = Release|Win32
		{0111BDDE-42B8-4B98-AB69-28CF01188910}.Debug|x64.ActiveCfg = Debug|x64
		{0111BDDE-42B8-4B98-AB69-28CF01188910}.Debug|x64.Build.0 = Debug|x64
		{0111BDDE-42B8-4B98-AB69-28CF01188910}.Debug|x86.ActiveCfg = Debug|Win32
		{0111BDDE-42B8-4B98-AB69-28CF01188910}.Debug|x86.Build.0 = Debug|Win32
		{0111BDDE-42B8-4B98-AB69-28CF01188910}.Release|x64.ActiveCfg = Release|x64
		{0111BDDE-42B8-4B98-AB69-28CF01188910}.Release|x64.Build.0 = Release|x64
		{0111BDDE-42B8-4B98-AB69-28CF01188910}.Release|x86.ActiveCfg = Release|Win32
		{0111BDDE-42B8-4B98-AB69-28CF01188910}.Release|x86.Build.0 = Release|Win32
		{09B79DB4-BE8C-4C2D-8BF5-7FE7B3124FE1}.Debug|x64.ActiveCfg = Debug|x64
		{09B79DB4-BE8C-4C2D-8BF5-7FE7B3124FE1}.Debug|x64.Build.0 = Debug|x64
		{09B79DB4-BE8C-4C2D-8BF5-7FE7B3124FE1}.Debug|x86.ActiveCfg = Debug|Win32
		{09B79DB4-BE8C-4C2D-8BF5-7FE7B3124FE1}.Debug|x86.Build.0 = Debug|Win32
		{09B79DB4-BE8C-4C2D-8BF5-7FE7B3124FE1}.Release|x64.ActiveCfg = Release|x64
		{09B79DB4-BE8C-4C2D-8BF5-7FE7B3124FE1}.Release|x64.Build.0 = Release|x64
		{09B79DB4-BE8C-4C2D-8BF5-7FE7B3124FE1}.Release|x86.ActiveCfg = Release|Win32
		{09B79DB4-BE8C-4C2D-8BF5-7FE7B3124FE1}.Release|x86.Build.0 = Release|Win32
		{D1D73AA6-685F-4AC3-BE5F-1D141BE9D851}.Debug|x64.ActiveCfg = Debug|x64
		{D1D73AA6-685F-4AC3-BE5F-1D141BE9D851}.Debug|x64.Build.0 = Debug|x64
		{D1D73AA6-685F-4AC3-BE5F-1D141BE9D851}.Debug|x86.ActiveCfg = Debug|Win32
		{D1D73AA6-685F-4AC3-BE5F-1D141BE9D851}.Debug|x86.Build.0 = Debug|Win32
		{D1D73AA6-685F-4AC3-BE5F-1D141BE9D851}.Release|x64.ActiveCfg = Release|x64
		{D1D73AA6-685F-4AC3-BE5F-1D141BE9D851}.Release|x64.Build.0 = Release|x64
		{D1D73AA6-685F-4AC3-BE5F-1D141BE9D851}.Release|x86.ActiveCfg = Release|Win32
		{D1D73AA6-685F-4AC3-BE5F-1D141BE9D851}.Release|x86.Build.0 = Release|Win32
		{6C293C67-E0BB-4B97-8DC9-401BF926B31D}.Debug|x64.ActiveCfg = Debug|x64
		{6C293C67-E0BB-4B97-8DC9-401BF926B31D}.Debug|x64.Build.0 = Debug|x64
		{6C293C67-E0BB-4B97-8DC9-401BF926B31D}.Debug|x86.ActiveCfg = Debug|Win32
		{6C293C67-E0BB-4B97-8DC9-401BF926B31D}.Debug|x86.Build.0 = Debug|Win32
		{6C293C67-E0BB-4B97-8DC9-401BF926B31D}.Release|x64.ActiveCfg = Release|x64
		{6C293C67-E0BB-4B97-8DC9-401BF926B31D}.Release|x64.Build.0 = Release|x64
		{6C293C67-E0BB-4B97-8DC9-401BF926B31D}.Release|x86.ActiveCfg = Release|Win32
		{6C293C67-E0BB-4B97-8DC9-401BF926B31D}.Release|x86.Build.0 = Release|Win32
	EndGlobalSection
	GlobalSection(SolutionProperties) = preSolution
		HideSolutionNode = FALSE
	EndGlobalSection
EndGlobal
